// !$*UTF8*$!
{
	archiveVersion = 1;
	classes = {
	};
	objectVersion = 48;
	objects = {

/* Begin PBXBuildFile section */
		0438FD3E20AA822900DCACE7 /* AppDelegate.m in Sources */ = {isa = PBXBuildFile; fileRef = 0438FD3D20AA822900DCACE7 /* AppDelegate.m */; };
		0438FD4120AA822900DCACE7 /* ViewController.m in Sources */ = {isa = PBXBuildFile; fileRef = 0438FD4020AA822900DCACE7 /* ViewController.m */; };
		0438FD4420AA822900DCACE7 /* Main.storyboard in Resources */ = {isa = PBXBuildFile; fileRef = 0438FD4220AA822900DCACE7 /* Main.storyboard */; };
		0438FD4620AA822900DCACE7 /* Assets.xcassets in Resources */ = {isa = PBXBuildFile; fileRef = 0438FD4520AA822900DCACE7 /* Assets.xcassets */; };
		0438FD4920AA822900DCACE7 /* LaunchScreen.storyboard in Resources */ = {isa = PBXBuildFile; fileRef = 0438FD4720AA822900DCACE7 /* LaunchScreen.storyboard */; };
		0438FD4C20AA822900DCACE7 /* main.m in Sources */ = {isa = PBXBuildFile; fileRef = 0438FD4B20AA822900DCACE7 /* main.m */; };
		0438FD5620AA822900DCACE7 /* NetWorkingTests.m in Sources */ = {isa = PBXBuildFile; fileRef = 0438FD5520AA822900DCACE7 /* NetWorkingTests.m */; };
		0438FD6120AA822900DCACE7 /* NetWorkingUITests.m in Sources */ = {isa = PBXBuildFile; fileRef = 0438FD6020AA822900DCACE7 /* NetWorkingUITests.m */; };
		0438FD7920AA829300DCACE7 /* NetWorkingManager.m in Sources */ = {isa = PBXBuildFile; fileRef = 0438FD7120AA829200DCACE7 /* NetWorkingManager.m */; };
		0438FD7A20AA829300DCACE7 /* CLImageModel.m in Sources */ = {isa = PBXBuildFile; fileRef = 0438FD7420AA829200DCACE7 /* CLImageModel.m */; };
		0438FD7B20AA829300DCACE7 /* NSString+cache.m in Sources */ = {isa = PBXBuildFile; fileRef = 0438FD7620AA829200DCACE7 /* NSString+cache.m */; };
		0438FD7C20AA829300DCACE7 /* NSString+tools.m in Sources */ = {isa = PBXBuildFile; fileRef = 0438FD7820AA829200DCACE7 /* NSString+tools.m */; };
		0438FD7F20AA84E900DCACE7 /* ACMediaModel.m in Sources */ = {isa = PBXBuildFile; fileRef = 0438FD7E20AA84E900DCACE7 /* ACMediaModel.m */; };
		6DF79DCDBFBA1421315ED44E /* libPods-NetWorkingUITests.a in Frameworks */ = {isa = PBXBuildFile; fileRef = 26A92C6021381514A8A0B937 /* libPods-NetWorkingUITests.a */; };
		B03D469030BE9FB27BDB8361 /* libPods-NetWorkingTests.a in Frameworks */ = {isa = PBXBuildFile; fileRef = 23B0B5D5082C72ADE50972C4 /* libPods-NetWorkingTests.a */; };
		B7BB4E551E4C8D0A4B69C54A /* libPods-NetWorking.a in Frameworks */ = {isa = PBXBuildFile; fileRef = 497C3EB1762FD0E4D53109C0 /* libPods-NetWorking.a */; };
/* End PBXBuildFile section */

/* Begin PBXContainerItemProxy section */
		0438FD5220AA822900DCACE7 /* PBXContainerItemProxy */ = {
			isa = PBXContainerItemProxy;
			containerPortal = 0438FD3120AA822900DCACE7 /* Project object */;
			proxyType = 1;
			remoteGlobalIDString = 0438FD3820AA822900DCACE7;
			remoteInfo = NetWorking;
		};
		0438FD5D20AA822900DCACE7 /* PBXContainerItemProxy */ = {
			isa = PBXContainerItemProxy;
			containerPortal = 0438FD3120AA822900DCACE7 /* Project object */;
			proxyType = 1;
			remoteGlobalIDString = 0438FD3820AA822900DCACE7;
			remoteInfo = NetWorking;
		};
/* End PBXContainerItemProxy section */

/* Begin PBXFileReference section */
		0438FD3920AA822900DCACE7 /* NetWorking.app */ = {isa = PBXFileReference; explicitFileType = wrapper.application; includeInIndex = 0; path = NetWorking.app; sourceTree = BUILT_PRODUCTS_DIR; };
		0438FD3C20AA822900DCACE7 /* AppDelegate.h */ = {isa = PBXFileReference; lastKnownFileType = sourcecode.c.h; path = AppDelegate.h; sourceTree = "<group>"; };
		0438FD3D20AA822900DCACE7 /* AppDelegate.m */ = {isa = PBXFileReference; lastKnownFileType = sourcecode.c.objc; path = AppDelegate.m; sourceTree = "<group>"; };
		0438FD3F20AA822900DCACE7 /* ViewController.h */ = {isa = PBXFileReference; lastKnownFileType = sourcecode.c.h; path = ViewController.h; sourceTree = "<group>"; };
		0438FD4020AA822900DCACE7 /* ViewController.m */ = {isa = PBXFileReference; lastKnownFileType = sourcecode.c.objc; path = ViewController.m; sourceTree = "<group>"; };
		0438FD4320AA822900DCACE7 /* Base */ = {isa = PBXFileReference; lastKnownFileType = file.storyboard; name = Base; path = Base.lproj/Main.storyboard; sourceTree = "<group>"; };
		0438FD4520AA822900DCACE7 /* Assets.xcassets */ = {isa = PBXFileReference; lastKnownFileType = folder.assetcatalog; path = Assets.xcassets; sourceTree = "<group>"; };
		0438FD4820AA822900DCACE7 /* Base */ = {isa = PBXFileReference; lastKnownFileType = file.storyboard; name = Base; path = Base.lproj/LaunchScreen.storyboard; sourceTree = "<group>"; };
		0438FD4A20AA822900DCACE7 /* Info.plist */ = {isa = PBXFileReference; lastKnownFileType = text.plist.xml; path = Info.plist; sourceTree = "<group>"; };
		0438FD4B20AA822900DCACE7 /* main.m */ = {isa = PBXFileReference; lastKnownFileType = sourcecode.c.objc; path = main.m; sourceTree = "<group>"; };
		0438FD5120AA822900DCACE7 /* NetWorkingTests.xctest */ = {isa = PBXFileReference; explicitFileType = wrapper.cfbundle; includeInIndex = 0; path = NetWorkingTests.xctest; sourceTree = BUILT_PRODUCTS_DIR; };
		0438FD5520AA822900DCACE7 /* NetWorkingTests.m */ = {isa = PBXFileReference; lastKnownFileType = sourcecode.c.objc; path = NetWorkingTests.m; sourceTree = "<group>"; };
		0438FD5720AA822900DCACE7 /* Info.plist */ = {isa = PBXFileReference; lastKnownFileType = text.plist.xml; path = Info.plist; sourceTree = "<group>"; };
		0438FD5C20AA822900DCACE7 /* NetWorkingUITests.xctest */ = {isa = PBXFileReference; explicitFileType = wrapper.cfbundle; includeInIndex = 0; path = NetWorkingUITests.xctest; sourceTree = BUILT_PRODUCTS_DIR; };
		0438FD6020AA822900DCACE7 /* NetWorkingUITests.m */ = {isa = PBXFileReference; lastKnownFileType = sourcecode.c.objc; path = NetWorkingUITests.m; sourceTree = "<group>"; };
		0438FD6220AA822900DCACE7 /* Info.plist */ = {isa = PBXFileReference; lastKnownFileType = text.plist.xml; path = Info.plist; sourceTree = "<group>"; };
		0438FD6F20AA829200DCACE7 /* Networking.h */ = {isa = PBXFileReference; fileEncoding = 4; lastKnownFileType = sourcecode.c.h; path = Networking.h; sourceTree = "<group>"; };
		0438FD7020AA829200DCACE7 /* NetWorkingManager.h */ = {isa = PBXFileReference; fileEncoding = 4; lastKnownFileType = sourcecode.c.h; path = NetWorkingManager.h; sourceTree = "<group>"; };
		0438FD7120AA829200DCACE7 /* NetWorkingManager.m */ = {isa = PBXFileReference; fileEncoding = 4; lastKnownFileType = sourcecode.c.objc; path = NetWorkingManager.m; sourceTree = "<group>"; };
		0438FD7320AA829200DCACE7 /* CLImageModel.h */ = {isa = PBXFileReference; fileEncoding = 4; lastKnownFileType = sourcecode.c.h; path = CLImageModel.h; sourceTree = "<group>"; };
		0438FD7420AA829200DCACE7 /* CLImageModel.m */ = {isa = PBXFileReference; fileEncoding = 4; lastKnownFileType = sourcecode.c.objc; path = CLImageModel.m; sourceTree = "<group>"; };
		0438FD7520AA829200DCACE7 /* NSString+cache.h */ = {isa = PBXFileReference; fileEncoding = 4; lastKnownFileType = sourcecode.c.h; path = "NSString+cache.h"; sourceTree = "<group>"; };
		0438FD7620AA829200DCACE7 /* NSString+cache.m */ = {isa = PBXFileReference; fileEncoding = 4; lastKnownFileType = sourcecode.c.objc; path = "NSString+cache.m"; sourceTree = "<group>"; };
		0438FD7720AA829200DCACE7 /* NSString+tools.h */ = {isa = PBXFileReference; fileEncoding = 4; lastKnownFileType = sourcecode.c.h; path = "NSString+tools.h"; sourceTree = "<group>"; };
		0438FD7820AA829200DCACE7 /* NSString+tools.m */ = {isa = PBXFileReference; fileEncoding = 4; lastKnownFileType = sourcecode.c.objc; path = "NSString+tools.m"; sourceTree = "<group>"; };
		0438FD7D20AA84E900DCACE7 /* ACMediaModel.h */ = {isa = PBXFileReference; fileEncoding = 4; lastKnownFileType = sourcecode.c.h; path = ACMediaModel.h; sourceTree = "<group>"; };
		0438FD7E20AA84E900DCACE7 /* ACMediaModel.m */ = {isa = PBXFileReference; fileEncoding = 4; lastKnownFileType = sourcecode.c.objc; path = ACMediaModel.m; sourceTree = "<group>"; };
		1F5710BD172EB764E930C531 /* Pods-NetWorkingUITests.release.xcconfig */ = {isa = PBXFileReference; includeInIndex = 1; lastKnownFileType = text.xcconfig; name = "Pods-NetWorkingUITests.release.xcconfig"; path = "Pods/Target Support Files/Pods-NetWorkingUITests/Pods-NetWorkingUITests.release.xcconfig"; sourceTree = "<group>"; };
		23B0B5D5082C72ADE50972C4 /* libPods-NetWorkingTests.a */ = {isa = PBXFileReference; explicitFileType = archive.ar; includeInIndex = 0; path = "libPods-NetWorkingTests.a"; sourceTree = BUILT_PRODUCTS_DIR; };
		26A92C6021381514A8A0B937 /* libPods-NetWorkingUITests.a */ = {isa = PBXFileReference; explicitFileType = archive.ar; includeInIndex = 0; path = "libPods-NetWorkingUITests.a"; sourceTree = BUILT_PRODUCTS_DIR; };
		4457A86A76B346236AF4473E /* Pods-NetWorking.release.xcconfig */ = {isa = PBXFileReference; includeInIndex = 1; lastKnownFileType = text.xcconfig; name = "Pods-NetWorking.release.xcconfig"; path = "Pods/Target Support Files/Pods-NetWorking/Pods-NetWorking.release.xcconfig"; sourceTree = "<group>"; };
		497C3EB1762FD0E4D53109C0 /* libPods-NetWorking.a */ = {isa = PBXFileReference; explicitFileType = archive.ar; includeInIndex = 0; path = "libPods-NetWorking.a"; sourceTree = BUILT_PRODUCTS_DIR; };
		5D9B7607F82E327D48715448 /* Pods-NetWorkingUITests.debug.xcconfig */ = {isa = PBXFileReference; includeInIndex = 1; lastKnownFileType = text.xcconfig; name = "Pods-NetWorkingUITests.debug.xcconfig"; path = "Pods/Target Support Files/Pods-NetWorkingUITests/Pods-NetWorkingUITests.debug.xcconfig"; sourceTree = "<group>"; };
		77599A49C974BAEF9E43A08B /* Pods-NetWorkingTests.debug.xcconfig */ = {isa = PBXFileReference; includeInIndex = 1; lastKnownFileType = text.xcconfig; name = "Pods-NetWorkingTests.debug.xcconfig"; path = "Pods/Target Support Files/Pods-NetWorkingTests/Pods-NetWorkingTests.debug.xcconfig"; sourceTree = "<group>"; };
		77E2E62C10CDF89BC8804327 /* Pods-NetWorkingTests.release.xcconfig */ = {isa = PBXFileReference; includeInIndex = 1; lastKnownFileType = text.xcconfig; name = "Pods-NetWorkingTests.release.xcconfig"; path = "Pods/Target Support Files/Pods-NetWorkingTests/Pods-NetWorkingTests.release.xcconfig"; sourceTree = "<group>"; };
		D43FEC0C933780EAAB0344E0 /* Pods-NetWorking.debug.xcconfig */ = {isa = PBXFileReference; includeInIndex = 1; lastKnownFileType = text.xcconfig; name = "Pods-NetWorking.debug.xcconfig"; path = "Pods/Target Support Files/Pods-NetWorking/Pods-NetWorking.debug.xcconfig"; sourceTree = "<group>"; };
/* End PBXFileReference section */

/* Begin PBXFrameworksBuildPhase section */
		0438FD3620AA822900DCACE7 /* Frameworks */ = {
			isa = PBXFrameworksBuildPhase;
			buildActionMask = 2147483647;
			files = (
				B7BB4E551E4C8D0A4B69C54A /* libPods-NetWorking.a in Frameworks */,
			);
			runOnlyForDeploymentPostprocessing = 0;
		};
		0438FD4E20AA822900DCACE7 /* Frameworks */ = {
			isa = PBXFrameworksBuildPhase;
			buildActionMask = 2147483647;
			files = (
				B03D469030BE9FB27BDB8361 /* libPods-NetWorkingTests.a in Frameworks */,
			);
			runOnlyForDeploymentPostprocessing = 0;
		};
		0438FD5920AA822900DCACE7 /* Frameworks */ = {
			isa = PBXFrameworksBuildPhase;
			buildActionMask = 2147483647;
			files = (
				6DF79DCDBFBA1421315ED44E /* libPods-NetWorkingUITests.a in Frameworks */,
			);
			runOnlyForDeploymentPostprocessing = 0;
		};
/* End PBXFrameworksBuildPhase section */

/* Begin PBXGroup section */
		0438FD3020AA822900DCACE7 = {
			isa = PBXGroup;
			children = (
				0438FD3B20AA822900DCACE7 /* NetWorking */,
				0438FD5420AA822900DCACE7 /* NetWorkingTests */,
				0438FD5F20AA822900DCACE7 /* NetWorkingUITests */,
				0438FD3A20AA822900DCACE7 /* Products */,
				639F7941E667F55972425C06 /* Pods */,
				4A60C386381B1F21B8DB4CC8 /* Frameworks */,
			);
			sourceTree = "<group>";
		};
		0438FD3A20AA822900DCACE7 /* Products */ = {
			isa = PBXGroup;
			children = (
				0438FD3920AA822900DCACE7 /* NetWorking.app */,
				0438FD5120AA822900DCACE7 /* NetWorkingTests.xctest */,
				0438FD5C20AA822900DCACE7 /* NetWorkingUITests.xctest */,
			);
			name = Products;
			sourceTree = "<group>";
		};
		0438FD3B20AA822900DCACE7 /* NetWorking */ = {
			isa = PBXGroup;
			children = (
				0438FD6E20AA829200DCACE7 /* 网络请求 */,
				0438FD3C20AA822900DCACE7 /* AppDelegate.h */,
				0438FD3D20AA822900DCACE7 /* AppDelegate.m */,
				0438FD3F20AA822900DCACE7 /* ViewController.h */,
				0438FD4020AA822900DCACE7 /* ViewController.m */,
				0438FD4220AA822900DCACE7 /* Main.storyboard */,
				0438FD4520AA822900DCACE7 /* Assets.xcassets */,
				0438FD4720AA822900DCACE7 /* LaunchScreen.storyboard */,
				0438FD4A20AA822900DCACE7 /* Info.plist */,
				0438FD4B20AA822900DCACE7 /* main.m */,
			);
			path = NetWorking;
			sourceTree = "<group>";
		};
		0438FD5420AA822900DCACE7 /* NetWorkingTests */ = {
			isa = PBXGroup;
			children = (
				0438FD5520AA822900DCACE7 /* NetWorkingTests.m */,
				0438FD5720AA822900DCACE7 /* Info.plist */,
			);
			path = NetWorkingTests;
			sourceTree = "<group>";
		};
		0438FD5F20AA822900DCACE7 /* NetWorkingUITests */ = {
			isa = PBXGroup;
			children = (
				0438FD6020AA822900DCACE7 /* NetWorkingUITests.m */,
				0438FD6220AA822900DCACE7 /* Info.plist */,
			);
			path = NetWorkingUITests;
			sourceTree = "<group>";
		};
		0438FD6E20AA829200DCACE7 /* 网络请求 */ = {
			isa = PBXGroup;
			children = (
				0438FD6F20AA829200DCACE7 /* Networking.h */,
				0438FD7020AA829200DCACE7 /* NetWorkingManager.h */,
				0438FD7120AA829200DCACE7 /* NetWorkingManager.m */,
				0438FD7220AA829200DCACE7 /* Tools */,
			);
			path = "网络请求";
			sourceTree = "<group>";
		};
		0438FD7220AA829200DCACE7 /* Tools */ = {
			isa = PBXGroup;
			children = (
				0438FD7D20AA84E900DCACE7 /* ACMediaModel.h */,
				0438FD7E20AA84E900DCACE7 /* ACMediaModel.m */,
				0438FD7320AA829200DCACE7 /* CLImageModel.h */,
				0438FD7420AA829200DCACE7 /* CLImageModel.m */,
				0438FD7520AA829200DCACE7 /* NSString+cache.h */,
				0438FD7620AA829200DCACE7 /* NSString+cache.m */,
				0438FD7720AA829200DCACE7 /* NSString+tools.h */,
				0438FD7820AA829200DCACE7 /* NSString+tools.m */,
			);
			path = Tools;
			sourceTree = "<group>";
		};
		4A60C386381B1F21B8DB4CC8 /* Frameworks */ = {
			isa = PBXGroup;
			children = (
				497C3EB1762FD0E4D53109C0 /* libPods-NetWorking.a */,
				23B0B5D5082C72ADE50972C4 /* libPods-NetWorkingTests.a */,
				26A92C6021381514A8A0B937 /* libPods-NetWorkingUITests.a */,
			);
			name = Frameworks;
			sourceTree = "<group>";
		};
		639F7941E667F55972425C06 /* Pods */ = {
			isa = PBXGroup;
			children = (
				D43FEC0C933780EAAB0344E0 /* Pods-NetWorking.debug.xcconfig */,
				4457A86A76B346236AF4473E /* Pods-NetWorking.release.xcconfig */,
				77599A49C974BAEF9E43A08B /* Pods-NetWorkingTests.debug.xcconfig */,
				77E2E62C10CDF89BC8804327 /* Pods-NetWorkingTests.release.xcconfig */,
				5D9B7607F82E327D48715448 /* Pods-NetWorkingUITests.debug.xcconfig */,
				1F5710BD172EB764E930C531 /* Pods-NetWorkingUITests.release.xcconfig */,
			);
			name = Pods;
			sourceTree = "<group>";
		};
/* End PBXGroup section */

/* Begin PBXNativeTarget section */
		0438FD3820AA822900DCACE7 /* NetWorking */ = {
			isa = PBXNativeTarget;
			buildConfigurationList = 0438FD6520AA822900DCACE7 /* Build configuration list for PBXNativeTarget "NetWorking" */;
			buildPhases = (
				61A3183DAA43696C4DE8052C /* [CP] Check Pods Manifest.lock */,
				0438FD3520AA822900DCACE7 /* Sources */,
				0438FD3620AA822900DCACE7 /* Frameworks */,
				0438FD3720AA822900DCACE7 /* Resources */,
				C47F5E2AD05A8BBEBBC0752B /* [CP] Embed Pods Frameworks */,
				2DFFA08EB6EAD1B7043AABB7 /* [CP] Copy Pods Resources */,
			);
			buildRules = (
			);
			dependencies = (
			);
			name = NetWorking;
			productName = NetWorking;
			productReference = 0438FD3920AA822900DCACE7 /* NetWorking.app */;
			productType = "com.apple.product-type.application";
		};
		0438FD5020AA822900DCACE7 /* NetWorkingTests */ = {
			isa = PBXNativeTarget;
			buildConfigurationList = 0438FD6820AA822900DCACE7 /* Build configuration list for PBXNativeTarget "NetWorkingTests" */;
			buildPhases = (
				5A6719D0843C26CE25754ECC /* [CP] Check Pods Manifest.lock */,
				0438FD4D20AA822900DCACE7 /* Sources */,
				0438FD4E20AA822900DCACE7 /* Frameworks */,
				0438FD4F20AA822900DCACE7 /* Resources */,
				74DC214F0951A4BCEDA44E7C /* [CP] Embed Pods Frameworks */,
				2B4E8B13F2CE363F0A057F33 /* [CP] Copy Pods Resources */,
			);
			buildRules = (
			);
			dependencies = (
				0438FD5320AA822900DCACE7 /* PBXTargetDependency */,
			);
			name = NetWorkingTests;
			productName = NetWorkingTests;
			productReference = 0438FD5120AA822900DCACE7 /* NetWorkingTests.xctest */;
			productType = "com.apple.product-type.bundle.unit-test";
		};
		0438FD5B20AA822900DCACE7 /* NetWorkingUITests */ = {
			isa = PBXNativeTarget;
			buildConfigurationList = 0438FD6B20AA822900DCACE7 /* Build configuration list for PBXNativeTarget "NetWorkingUITests" */;
			buildPhases = (
				574E454062A4C49481BAD457 /* [CP] Check Pods Manifest.lock */,
				0438FD5820AA822900DCACE7 /* Sources */,
				0438FD5920AA822900DCACE7 /* Frameworks */,
				0438FD5A20AA822900DCACE7 /* Resources */,
				7163090448F7BD6B17FA8088 /* [CP] Embed Pods Frameworks */,
				7A4926669E259F1672192107 /* [CP] Copy Pods Resources */,
			);
			buildRules = (
			);
			dependencies = (
				0438FD5E20AA822900DCACE7 /* PBXTargetDependency */,
			);
			name = NetWorkingUITests;
			productName = NetWorkingUITests;
			productReference = 0438FD5C20AA822900DCACE7 /* NetWorkingUITests.xctest */;
			productType = "com.apple.product-type.bundle.ui-testing";
		};
/* End PBXNativeTarget section */

/* Begin PBXProject section */
		0438FD3120AA822900DCACE7 /* Project object */ = {
			isa = PBXProject;
			attributes = {
				LastUpgradeCheck = 0910;
				ORGANIZATIONNAME = Mac;
				TargetAttributes = {
					0438FD3820AA822900DCACE7 = {
						CreatedOnToolsVersion = 9.1;
						ProvisioningStyle = Automatic;
					};
					0438FD5020AA822900DCACE7 = {
						CreatedOnToolsVersion = 9.1;
						ProvisioningStyle = Automatic;
						TestTargetID = 0438FD3820AA822900DCACE7;
					};
					0438FD5B20AA822900DCACE7 = {
						CreatedOnToolsVersion = 9.1;
						ProvisioningStyle = Automatic;
						TestTargetID = 0438FD3820AA822900DCACE7;
					};
				};
			};
			buildConfigurationList = 0438FD3420AA822900DCACE7 /* Build configuration list for PBXProject "NetWorking" */;
			compatibilityVersion = "Xcode 8.0";
			developmentRegion = en;
			hasScannedForEncodings = 0;
			knownRegions = (
				en,
				Base,
			);
			mainGroup = 0438FD3020AA822900DCACE7;
			productRefGroup = 0438FD3A20AA822900DCACE7 /* Products */;
			projectDirPath = "";
			projectRoot = "";
			targets = (
				0438FD3820AA822900DCACE7 /* NetWorking */,
				0438FD5020AA822900DCACE7 /* NetWorkingTests */,
				0438FD5B20AA822900DCACE7 /* NetWorkingUITests */,
			);
		};
/* End PBXProject section */

/* Begin PBXResourcesBuildPhase section */
		0438FD3720AA822900DCACE7 /* Resources */ = {
			isa = PBXResourcesBuildPhase;
			buildActionMask = 2147483647;
			files = (
				0438FD4920AA822900DCACE7 /* LaunchScreen.storyboard in Resources */,
				0438FD4620AA822900DCACE7 /* Assets.xcassets in Resources */,
				0438FD4420AA822900DCACE7 /* Main.storyboard in Resources */,
			);
			runOnlyForDeploymentPostprocessing = 0;
		};
		0438FD4F20AA822900DCACE7 /* Resources */ = {
			isa = PBXResourcesBuildPhase;
			buildActionMask = 2147483647;
			files = (
			);
			runOnlyForDeploymentPostprocessing = 0;
		};
		0438FD5A20AA822900DCACE7 /* Resources */ = {
			isa = PBXResourcesBuildPhase;
			buildActionMask = 2147483647;
			files = (
			);
			runOnlyForDeploymentPostprocessing = 0;
		};
/* End PBXResourcesBuildPhase section */

/* Begin PBXShellScriptBuildPhase section */
		2B4E8B13F2CE363F0A057F33 /* [CP] Copy Pods Resources */ = {
			isa = PBXShellScriptBuildPhase;
			buildActionMask = 2147483647;
			files = (
			);
			inputPaths = (
			);
			name = "[CP] Copy Pods Resources";
			outputPaths = (
			);
			runOnlyForDeploymentPostprocessing = 0;
			shellPath = /bin/sh;
			shellScript = "\"${SRCROOT}/Pods/Target Support Files/Pods-NetWorkingTests/Pods-NetWorkingTests-resources.sh\"\n";
			showEnvVarsInLog = 0;
		};
		2DFFA08EB6EAD1B7043AABB7 /* [CP] Copy Pods Resources */ = {
			isa = PBXShellScriptBuildPhase;
			buildActionMask = 2147483647;
			files = (
			);
			inputPaths = (
			);
			name = "[CP] Copy Pods Resources";
			outputPaths = (
			);
			runOnlyForDeploymentPostprocessing = 0;
			shellPath = /bin/sh;
			shellScript = "\"${SRCROOT}/Pods/Target Support Files/Pods-NetWorking/Pods-NetWorking-resources.sh\"\n";
			showEnvVarsInLog = 0;
		};
		574E454062A4C49481BAD457 /* [CP] Check Pods Manifest.lock */ = {
			isa = PBXShellScriptBuildPhase;
			buildActionMask = 2147483647;
			files = (
			);
			inputPaths = (
			);
			name = "[CP] Check Pods Manifest.lock";
			outputPaths = (
			);
			runOnlyForDeploymentPostprocessing = 0;
			shellPath = /bin/sh;
			shellScript = "diff \"${PODS_ROOT}/../Podfile.lock\" \"${PODS_ROOT}/Manifest.lock\" > /dev/null\nif [ $? != 0 ] ; then\n    # print error to STDERR\n    echo \"error: The sandbox is not in sync with the Podfile.lock. Run 'pod install' or update your CocoaPods installation.\" >&2\n    exit 1\nfi\n";
			showEnvVarsInLog = 0;
		};
		5A6719D0843C26CE25754ECC /* [CP] Check Pods Manifest.lock */ = {
			isa = PBXShellScriptBuildPhase;
			buildActionMask = 2147483647;
			files = (
			);
			inputPaths = (
			);
			name = "[CP] Check Pods Manifest.lock";
			outputPaths = (
			);
			runOnlyForDeploymentPostprocessing = 0;
			shellPath = /bin/sh;
			shellScript = "diff \"${PODS_ROOT}/../Podfile.lock\" \"${PODS_ROOT}/Manifest.lock\" > /dev/null\nif [ $? != 0 ] ; then\n    # print error to STDERR\n    echo \"error: The sandbox is not in sync with the Podfile.lock. Run 'pod install' or update your CocoaPods installation.\" >&2\n    exit 1\nfi\n";
			showEnvVarsInLog = 0;
		};
		61A3183DAA43696C4DE8052C /* [CP] Check Pods Manifest.lock */ = {
			isa = PBXShellScriptBuildPhase;
			buildActionMask = 2147483647;
			files = (
			);
			inputPaths = (
			);
			name = "[CP] Check Pods Manifest.lock";
			outputPaths = (
			);
			runOnlyForDeploymentPostprocessing = 0;
			shellPath = /bin/sh;
			shellScript = "diff \"${PODS_ROOT}/../Podfile.lock\" \"${PODS_ROOT}/Manifest.lock\" > /dev/null\nif [ $? != 0 ] ; then\n    # print error to STDERR\n    echo \"error: The sandbox is not in sync with the Podfile.lock. Run 'pod install' or update your CocoaPods installation.\" >&2\n    exit 1\nfi\n";
			showEnvVarsInLog = 0;
		};
		7163090448F7BD6B17FA8088 /* [CP] Embed Pods Frameworks */ = {
			isa = PBXShellScriptBuildPhase;
			buildActionMask = 2147483647;
			files = (
			);
			inputPaths = (
			);
			name = "[CP] Embed Pods Frameworks";
			outputPaths = (
			);
			runOnlyForDeploymentPostprocessing = 0;
			shellPath = /bin/sh;
			shellScript = "\"${SRCROOT}/Pods/Target Support Files/Pods-NetWorkingUITests/Pods-NetWorkingUITests-frameworks.sh\"\n";
			showEnvVarsInLog = 0;
		};
		74DC214F0951A4BCEDA44E7C /* [CP] Embed Pods Frameworks */ = {
			isa = PBXShellScriptBuildPhase;
			buildActionMask = 2147483647;
			files = (
			);
			inputPaths = (
			);
			name = "[CP] Embed Pods Frameworks";
			outputPaths = (
			);
			runOnlyForDeploymentPostprocessing = 0;
			shellPath = /bin/sh;
			shellScript = "\"${SRCROOT}/Pods/Target Support Files/Pods-NetWorkingTests/Pods-NetWorkingTests-frameworks.sh\"\n";
			showEnvVarsInLog = 0;
		};
		7A4926669E259F1672192107 /* [CP] Copy Pods Resources */ = {
			isa = PBXShellScriptBuildPhase;
			buildActionMask = 2147483647;
			files = (
			);
			inputPaths = (
			);
			name = "[CP] Copy Pods Resources";
			outputPaths = (
			);
			runOnlyForDeploymentPostprocessing = 0;
			shellPath = /bin/sh;
			shellScript = "\"${SRCROOT}/Pods/Target Support Files/Pods-NetWorkingUITests/Pods-NetWorkingUITests-resources.sh\"\n";
			showEnvVarsInLog = 0;
		};
		C47F5E2AD05A8BBEBBC0752B /* [CP] Embed Pods Frameworks */ = {
			isa = PBXShellScriptBuildPhase;
			buildActionMask = 2147483647;
			files = (
			);
			inputPaths = (
			);
			name = "[CP] Embed Pods Frameworks";
			outputPaths = (
			);
			runOnlyForDeploymentPostprocessing = 0;
			shellPath = /bin/sh;
			shellScript = "\"${SRCROOT}/Pods/Target Support Files/Pods-NetWorking/Pods-NetWorking-frameworks.sh\"\n";
			showEnvVarsInLog = 0;
		};
/* End PBXShellScriptBuildPhase section */

/* Begin PBXSourcesBuildPhase section */
		0438FD3520AA822900DCACE7 /* Sources */ = {
			isa = PBXSourcesBuildPhase;
			buildActionMask = 2147483647;
			files = (
				0438FD4120AA822900DCACE7 /* ViewController.m in Sources */,
				0438FD7A20AA829300DCACE7 /* CLImageModel.m in Sources */,
				0438FD7B20AA829300DCACE7 /* NSString+cache.m in Sources */,
				0438FD7920AA829300DCACE7 /* NetWorkingManager.m in Sources */,
				0438FD4C20AA822900DCACE7 /* main.m in Sources */,
				0438FD3E20AA822900DCACE7 /* AppDelegate.m in Sources */,
				0438FD7F20AA84E900DCACE7 /* ACMediaModel.m in Sources */,
				0438FD7C20AA829300DCACE7 /* NSString+tools.m in Sources */,
			);
			runOnlyForDeploymentPostprocessing = 0;
		};
		0438FD4D20AA822900DCACE7 /* Sources */ = {
			isa = PBXSourcesBuildPhase;
			buildActionMask = 2147483647;
			files = (
				0438FD5620AA822900DCACE7 /* NetWorkingTests.m in Sources */,
			);
			runOnlyForDeploymentPostprocessing = 0;
		};
		0438FD5820AA822900DCACE7 /* Sources */ = {
			isa = PBXSourcesBuildPhase;
			buildActionMask = 2147483647;
			files = (
				0438FD6120AA822900DCACE7 /* NetWorkingUITests.m in Sources */,
			);
			runOnlyForDeploymentPostprocessing = 0;
		};
/* End PBXSourcesBuildPhase section */

/* Begin PBXTargetDependency section */
		0438FD5320AA822900DCACE7 /* PBXTargetDependency */ = {
			isa = PBXTargetDependency;
			target = 0438FD3820AA822900DCACE7 /* NetWorking */;
			targetProxy = 0438FD5220AA822900DCACE7 /* PBXContainerItemProxy */;
		};
		0438FD5E20AA822900DCACE7 /* PBXTargetDependency */ = {
			isa = PBXTargetDependency;
			target = 0438FD3820AA822900DCACE7 /* NetWorking */;
			targetProxy = 0438FD5D20AA822900DCACE7 /* PBXContainerItemProxy */;
		};
/* End PBXTargetDependency section */

/* Begin PBXVariantGroup section */
		0438FD4220AA822900DCACE7 /* Main.storyboard */ = {
			isa = PBXVariantGroup;
			children = (
				0438FD4320AA822900DCACE7 /* Base */,
			);
			name = Main.storyboard;
			sourceTree = "<group>";
		};
		0438FD4720AA822900DCACE7 /* LaunchScreen.storyboard */ = {
			isa = PBXVariantGroup;
			children = (
				0438FD4820AA822900DCACE7 /* Base */,
			);
			name = LaunchScreen.storyboard;
			sourceTree = "<group>";
		};
/* End PBXVariantGroup section */

/* Begin XCBuildConfiguration section */
		0438FD6320AA822900DCACE7 /* Debug */ = {
			isa = XCBuildConfiguration;
			buildSettings = {
				ALWAYS_SEARCH_USER_PATHS = NO;
				CLANG_ANALYZER_NONNULL = YES;
				CLANG_ANALYZER_NUMBER_OBJECT_CONVERSION = YES_AGGRESSIVE;
				CLANG_CXX_LANGUAGE_STANDARD = "gnu++14";
				CLANG_CXX_LIBRARY = "libc++";
				CLANG_ENABLE_MODULES = YES;
				CLANG_ENABLE_OBJC_ARC = YES;
				CLANG_WARN_BLOCK_CAPTURE_AUTORELEASING = YES;
				CLANG_WARN_BOOL_CONVERSION = YES;
				CLANG_WARN_COMMA = YES;
				CLANG_WARN_CONSTANT_CONVERSION = YES;
				CLANG_WARN_DIRECT_OBJC_ISA_USAGE = YES_ERROR;
				CLANG_WARN_DOCUMENTATION_COMMENTS = YES;
				CLANG_WARN_EMPTY_BODY = YES;
				CLANG_WARN_ENUM_CONVERSION = YES;
				CLANG_WARN_INFINITE_RECURSION = YES;
				CLANG_WARN_INT_CONVERSION = YES;
				CLANG_WARN_NON_LITERAL_NULL_CONVERSION = YES;
				CLANG_WARN_OBJC_LITERAL_CONVERSION = YES;
				CLANG_WARN_OBJC_ROOT_CLASS = YES_ERROR;
				CLANG_WARN_RANGE_LOOP_ANALYSIS = YES;
				CLANG_WARN_STRICT_PROTOTYPES = YES;
				CLANG_WARN_SUSPICIOUS_MOVE = YES;
				CLANG_WARN_UNGUARDED_AVAILABILITY = YES_AGGRESSIVE;
				CLANG_WARN_UNREACHABLE_CODE = YES;
				CLANG_WARN__DUPLICATE_METHOD_MATCH = YES;
				CODE_SIGN_IDENTITY = "iPhone Developer";
				COPY_PHASE_STRIP = NO;
				DEBUG_INFORMATION_FORMAT = dwarf;
				ENABLE_STRICT_OBJC_MSGSEND = YES;
				ENABLE_TESTABILITY = YES;
				GCC_C_LANGUAGE_STANDARD = gnu11;
				GCC_DYNAMIC_NO_PIC = NO;
				GCC_NO_COMMON_BLOCKS = YES;
				GCC_OPTIMIZATION_LEVEL = 0;
				GCC_PREPROCESSOR_DEFINITIONS = (
					"DEBUG=1",
					"$(inherited)",
				);
				GCC_WARN_64_TO_32_BIT_CONVERSION = YES;
				GCC_WARN_ABOUT_RETURN_TYPE = YES_ERROR;
				GCC_WARN_UNDECLARED_SELECTOR = YES;
				GCC_WARN_UNINITIALIZED_AUTOS = YES_AGGRESSIVE;
				GCC_WARN_UNUSED_FUNCTION = YES;
				GCC_WARN_UNUSED_VARIABLE = YES;
				IPHONEOS_DEPLOYMENT_TARGET = 11.1;
				MTL_ENABLE_DEBUG_INFO = YES;
				ONLY_ACTIVE_ARCH = YES;
				SDKROOT = iphoneos;
			};
			name = Debug;
		};
		0438FD6420AA822900DCACE7 /* Release */ = {
			isa = XCBuildConfiguration;
			buildSettings = {
				ALWAYS_SEARCH_USER_PATHS = NO;
				CLANG_ANALYZER_NONNULL = YES;
				CLANG_ANALYZER_NUMBER_OBJECT_CONVERSION = YES_AGGRESSIVE;
				CLANG_CXX_LANGUAGE_STANDARD = "gnu++14";
				CLANG_CXX_LIBRARY = "libc++";
				CLANG_ENABLE_MODULES = YES;
				CLANG_ENABLE_OBJC_ARC = YES;
				CLANG_WARN_BLOCK_CAPTURE_AUTORELEASING = YES;
				CLANG_WARN_BOOL_CONVERSION = YES;
				CLANG_WARN_COMMA = YES;
				CLANG_WARN_CONSTANT_CONVERSION = YES;
				CLANG_WARN_DIRECT_OBJC_ISA_USAGE = YES_ERROR;
				CLANG_WARN_DOCUMENTATION_COMMENTS = YES;
				CLANG_WARN_EMPTY_BODY = YES;
				CLANG_WARN_ENUM_CONVERSION = YES;
				CLANG_WARN_INFINITE_RECURSION = YES;
				CLANG_WARN_INT_CONVERSION = YES;
				CLANG_WARN_NON_LITERAL_NULL_CONVERSION = YES;
				CLANG_WARN_OBJC_LITERAL_CONVERSION = YES;
				CLANG_WARN_OBJC_ROOT_CLASS = YES_ERROR;
				CLANG_WARN_RANGE_LOOP_ANALYSIS = YES;
				CLANG_WARN_STRICT_PROTOTYPES = YES;
				CLANG_WARN_SUSPICIOUS_MOVE = YES;
				CLANG_WARN_UNGUARDED_AVAILABILITY = YES_AGGRESSIVE;
				CLANG_WARN_UNREACHABLE_CODE = YES;
				CLANG_WARN__DUPLICATE_METHOD_MATCH = YES;
				CODE_SIGN_IDENTITY = "iPhone Developer";
				COPY_PHASE_STRIP = NO;
				DEBUG_INFORMATION_FORMAT = "dwarf-with-dsym";
				ENABLE_NS_ASSERTIONS = NO;
				ENABLE_STRICT_OBJC_MSGSEND = YES;
				GCC_C_LANGUAGE_STANDARD = gnu11;
				GCC_NO_COMMON_BLOCKS = YES;
				GCC_WARN_64_TO_32_BIT_CONVERSION = YES;
				GCC_WARN_ABOUT_RETURN_TYPE = YES_ERROR;
				GCC_WARN_UNDECLARED_SELECTOR = YES;
				GCC_WARN_UNINITIALIZED_AUTOS = YES_AGGRESSIVE;
				GCC_WARN_UNUSED_FUNCTION = YES;
				GCC_WARN_UNUSED_VARIABLE = YES;
				IPHONEOS_DEPLOYMENT_TARGET = 11.1;
				MTL_ENABLE_DEBUG_INFO = NO;
				SDKROOT = iphoneos;
				VALIDATE_PRODUCT = YES;
			};
			name = Release;
		};
		0438FD6620AA822900DCACE7 /* Debug */ = {
			isa = XCBuildConfiguration;
			baseConfigurationReference = D43FEC0C933780EAAB0344E0 /* Pods-NetWorking.debug.xcconfig */;
			buildSettings = {
				ASSETCATALOG_COMPILER_APPICON_NAME = AppIcon;
				CODE_SIGN_STYLE = Automatic;
				INFOPLIST_FILE = NetWorking/Info.plist;
				LD_RUNPATH_SEARCH_PATHS = "$(inherited) @executable_path/Frameworks";
				PRODUCT_BUNDLE_IDENTIFIER = com.mobile.NetWorking;
				PRODUCT_NAME = "$(TARGET_NAME)";
				TARGETED_DEVICE_FAMILY = "1,2";
			};
			name = Debug;
		};
		0438FD6720AA822900DCACE7 /* Release */ = {
			isa = XCBuildConfiguration;
			baseConfigurationReference = 4457A86A76B346236AF4473E /* Pods-NetWorking.release.xcconfig */;
			buildSettings = {
				ASSETCATALOG_COMPILER_APPICON_NAME = AppIcon;
				CODE_SIGN_STYLE = Automatic;
				INFOPLIST_FILE = NetWorking/Info.plist;
				LD_RUNPATH_SEARCH_PATHS = "$(inherited) @executable_path/Frameworks";
				PRODUCT_BUNDLE_IDENTIFIER = com.mobile.NetWorking;
				PRODUCT_NAME = "$(TARGET_NAME)";
				TARGETED_DEVICE_FAMILY = "1,2";
			};
			name = Release;
		};
		0438FD6920AA822900DCACE7 /* Debug */ = {
			isa = XCBuildConfiguration;
			baseConfigurationReference = 77599A49C974BAEF9E43A08B /* Pods-NetWorkingTests.debug.xcconfig */;
			buildSettings = {
				BUNDLE_LOADER = "$(TEST_HOST)";
				CODE_SIGN_STYLE = Automatic;
				INFOPLIST_FILE = NetWorkingTests/Info.plist;
				LD_RUNPATH_SEARCH_PATHS = "$(inherited) @executable_path/Frameworks @loader_path/Frameworks";
				PRODUCT_BUNDLE_IDENTIFIER = com.mobile.NetWorkingTests;
				PRODUCT_NAME = "$(TARGET_NAME)";
				TARGETED_DEVICE_FAMILY = "1,2";
				TEST_HOST = "$(BUILT_PRODUCTS_DIR)/NetWorking.app/NetWorking";
			};
			name = Debug;
		};
		0438FD6A20AA822900DCACE7 /* Release */ = {
			isa = XCBuildConfiguration;
			baseConfigurationReference = 77E2E62C10CDF89BC8804327 /* Pods-NetWorkingTests.release.xcconfig */;
			buildSettings = {
				BUNDLE_LOADER = "$(TEST_HOST)";
				CODE_SIGN_STYLE = Automatic;
				INFOPLIST_FILE = NetWorkingTests/Info.plist;
				LD_RUNPATH_SEARCH_PATHS = "$(inherited) @executable_path/Frameworks @loader_path/Frameworks";
				PRODUCT_BUNDLE_IDENTIFIER = com.mobile.NetWorkingTests;
				PRODUCT_NAME = "$(TARGET_NAME)";
				TARGETED_DEVICE_FAMILY = "1,2";
				TEST_HOST = "$(BUILT_PRODUCTS_DIR)/NetWorking.app/NetWorking";
			};
			name = Release;
		};
		0438FD6C20AA822900DCACE7 /* Debug */ = {
			isa = XCBuildConfiguration;
			baseConfigurationReference = 5D9B7607F82E327D48715448 /* Pods-NetWorkingUITests.debug.xcconfig */;
			buildSettings = {
				CODE_SIGN_STYLE = Automatic;
				INFOPLIST_FILE = NetWorkingUITests/Info.plist;
				LD_RUNPATH_SEARCH_PATHS = "$(inherited) @executable_path/Frameworks @loader_path/Frameworks";
				PRODUCT_BUNDLE_IDENTIFIER = com.mobile.NetWorkingUITests;
				PRODUCT_NAME = "$(TARGET_NAME)";
				TARGETED_DEVICE_FAMILY = "1,2";
				TEST_TARGET_NAME = NetWorking;
			};
			name = Debug;
		};
		0438FD6D20AA822900DCACE7 /* Release */ = {
			isa = XCBuildConfiguration;
			baseConfigurationReference = 1F5710BD172EB764E930C531 /* Pods-NetWorkingUITests.release.xcconfig */;
			buildSettings = {
				CODE_SIGN_STYLE = Automatic;
				INFOPLIST_FILE = NetWorkingUITests/Info.plist;
				LD_RUNPATH_SEARCH_PATHS = "$(inherited) @executable_path/Frameworks @loader_path/Frameworks";
				PRODUCT_BUNDLE_IDENTIFIER = com.mobile.NetWorkingUITests;
				PRODUCT_NAME = "$(TARGET_NAME)";
				TARGETED_DEVICE_FAMILY = "1,2";
				TEST_TARGET_NAME = NetWorking;
			};
			name = Release;
		};
/* End XCBuildConfiguration section */

/* Begin XCConfigurationList section */
		0438FD3420AA822900DCACE7 /* Build configuration list for PBXProject "NetWorking" */ = {
			isa = XCConfigurationList;
			buildConfigurations = (
				0438FD6320AA822900DCACE7 /* Debug */,
				0438FD6420AA822900DCACE7 /* Release */,
			);
			defaultConfigurationIsVisible = 0;
			defaultConfigurationName = Release;
		};
		0438FD6520AA822900DCACE7 /* Build configuration list for PBXNativeTarget "NetWorking" */ = {
			isa = XCConfigurationList;
			buildConfigurations = (
				0438FD6620AA822900DCACE7 /* Debug */,
				0438FD6720AA822900DCACE7 /* Release */,
			);
			defaultConfigurationIsVisible = 0;
			defaultConfigurationName = Release;
		};
		0438FD6820AA822900DCACE7 /* Build configuration list for PBXNativeTarget "NetWorkingTests" */ = {
			isa = XCConfigurationList;
			buildConfigurations = (
				0438FD6920AA822900DCACE7 /* Debug */,
				0438FD6A20AA822900DCACE7 /* Release */,
			);
			defaultConfigurationIsVisible = 0;
			defaultConfigurationName = Release;
		};
		0438FD6B20AA822900DCACE7 /* Build configuration list for PBXNativeTarget "NetWorkingUITests" */ = {
			isa = XCConfigurationList;
			buildConfigurations = (
				0438FD6C20AA822900DCACE7 /* Debug */,
				0438FD6D20AA822900DCACE7 /* Release */,
			);
			defaultConfigurationIsVisible = 0;
			defaultConfigurationName = Release;
		};
/* End XCConfigurationList section */
	};
	rootObject = 0438FD3120AA822900DCACE7 /* Project object */;
}
